
Microsoft Visual Studio Solution File, Format Version 12.00
# Visual Studio Version 16
VisualStudioVersion = 16.0.30011.22
MinimumVisualStudioVersion = 10.0.40219.1
Project("{FAE04EC0-301F-11D3-BF4B-00C04F79EFBC}") = "TensorflowTrainingTools", "TensorflowTrainingTools\TensorflowTrainingTools.csproj", "{DFEBD5E2-4074-416B-B045-C79098D2DFFC}"
EndProject
Global
	GlobalSection(SolutionConfigurationPlatforms) = preSolution
		Debug|Any CPU = Debug|Any CPU
		Release|Any CPU = Release|Any CPU
	EndGlobalSection
	GlobalSection(ProjectConfigurationPlatforms) = postSolution
		{DFEBD5E2-4074-416B-B045-C79098D2DFFC}.Debug|Any CPU.ActiveCfg = Debug|Any CPU
		{DFEBD5E2-4074-416B-B045-C79098D2DFFC}.Debug|Any CPU.Build.0 = Debug|Any CPU
		{DFEBD5E2-4074-416B-B045-C79098D2DFFC}.Release|Any CPU.ActiveCfg = Release|Any CPU
		{DFEBD5E2-4074-416B-B045-C79098D2DFFC}.Release|Any CPU.Build.0 = Release|Any CPU
	EndGlobalSection
	GlobalSection(SolutionProperties) = preSolution
		HideSolutionNode = FALSE
	EndGlobalSection
	GlobalSection(ExtensibilityGlobals) = postSolution
		SolutionGuid = {6CE1094D-7BAC-4E5B-A3DD-089D8200800B}
	EndGlobalSection
EndGlobal
